
Microsoft Visual Studio Solution File, Format Version 12.00
# Visual Studio 2013
VisualStudioVersion = 12.0.31101.0
MinimumVisualStudioVersion = 10.0.40219.1
Project("{FAE04EC0-301F-11D3-BF4B-00C04F79EFBC}") = "WcfIntegrationXamarinForms", "WcfIntegrationXamarinForms\WcfIntegrationXamarinForms\WcfIntegrationXamarinForms.csproj", "{46393D93-EB42-4099-A91E-92F61276370A}"
	ProjectSection(ProjectDependencies) = postProject
		{7D1662EC-3D1A-4794-8AD5-EC4467A74AD9} = {7D1662EC-3D1A-4794-8AD5-EC4467A74AD9}
	EndProjectSection
EndProject
Project("{FAE04EC0-301F-11D3-BF4B-00C04F79EFBC}") = "WcfIntegrationXamarinForms.iOS", "WcfIntegrationXamarinForms\WcfIntegrationXamarinForms.iOS\WcfIntegrationXamarinForms.iOS.csproj", "{81ED1881-43F2-41AB-A6F0-63DF6CF1B79A}"
EndProject
Project("{FAE04EC0-301F-11D3-BF4B-00C04F79EFBC}") = "WcfIntegrationXamarinForms.Droid", "WcfIntegrationXamarinForms\WcfIntegrationXamarinForms.Droid\WcfIntegrationXamarinForms.Droid.csproj", "{26CA6820-E3D7-4B28-8B8A-36C2AD69DCAB}"
EndProject
Project("{FAE04EC0-301F-11D3-BF4B-00C04F79EFBC}") = "WcfIntegrationXamarinForms.WinPhone", "WcfIntegrationXamarinForms\WcfIntegrationXamarinForms.WinPhone\WcfIntegrationXamarinForms.WinPhone.csproj", "{6263C2E5-8592-4F51-9F56-880DCC346D3A}"
EndProject
Project("{2150E333-8FDC-42A3-9474-1A3956D46DE8}") = "Server", "Server", "{9020F0E1-3FEA-498A-8376-133C9A92369D}"
EndProject
Project("{FAE04EC0-301F-11D3-BF4B-00C04F79EFBC}") = "WcfService", "WcfIntegrationXamarinForms\Server\WcfService\WcfService.csproj", "{7D1662EC-3D1A-4794-8AD5-EC4467A74AD9}"
EndProject
Global
	GlobalSection(SolutionConfigurationPlatforms) = preSolution
		Ad-Hoc|Any CPU = Ad-Hoc|Any CPU
		Ad-Hoc|ARM = Ad-Hoc|ARM
		Ad-Hoc|iPhone = Ad-Hoc|iPhone
		Ad-Hoc|iPhoneSimulator = Ad-Hoc|iPhoneSimulator
		Ad-Hoc|Mixed Platforms = Ad-Hoc|Mixed Platforms
		Ad-Hoc|x86 = Ad-Hoc|x86
		AppStore|Any CPU = AppStore|Any CPU
		AppStore|ARM = AppStore|ARM
		AppStore|iPhone = AppStore|iPhone
		AppStore|iPhoneSimulator = AppStore|iPhoneSimulator
		AppStore|Mixed Platforms = AppStore|Mixed Platforms
		AppStore|x86 = AppStore|x86
		Debug|Any CPU = Debug|Any CPU
		Debug|ARM = Debug|ARM
		Debug|iPhone = Debug|iPhone
		Debug|iPhoneSimulator = Debug|iPhoneSimulator
		Debug|Mixed Platforms = Debug|Mixed Platforms
		Debug|x86 = Debug|x86
		Release|Any CPU = Release|Any CPU
		Release|ARM = Release|ARM
		Release|iPhone = Release|iPhone
		Release|iPhoneSimulator = Release|iPhoneSimulator
		Release|Mixed Platforms = Release|Mixed Platforms
		Release|x86 = Release|x86
	EndGlobalSection
	GlobalSection(ProjectConfigurationPlatforms) = postSolution
		{46393D93-EB42-4099-A91E-92F61276370A}.Ad-Hoc|Any CPU.ActiveCfg = Release|Any CPU
		{46393D93-EB42-4099-A91E-92F61276370A}.Ad-Hoc|Any CPU.Build.0 = Release|Any CPU
		{46393D93-EB42-4099-A91E-92F61276370A}.Ad-Hoc|ARM.ActiveCfg = Release|Any CPU
		{46393D93-EB42-4099-A91E-92F61276370A}.Ad-Hoc|iPhone.ActiveCfg = Release|Any CPU
		{46393D93-EB42-4099-A91E-92F61276370A}.Ad-Hoc|iPhoneSimulator.ActiveCfg = Release|Any CPU
		{46393D93-EB42-4099-A91E-92F61276370A}.Ad-Hoc|Mixed Platforms.ActiveCfg = Release|Any CPU
		{46393D93-EB42-4099-A91E-92F61276370A}.Ad-Hoc|Mixed Platforms.Build.0 = Release|Any CPU
		{46393D93-EB42-4099-A91E-92F61276370A}.Ad-Hoc|x86.ActiveCfg = Release|Any CPU
		{46393D93-EB42-4099-A91E-92F61276370A}.AppStore|Any CPU.ActiveCfg = Release|Any CPU
		{46393D93-EB42-4099-A91E-92F61276370A}.AppStore|Any CPU.Build.0 = Release|Any CPU
		{46393D93-EB42-4099-A91E-92F61276370A}.AppStore|ARM.ActiveCfg = Release|Any CPU
		{46393D93-EB42-4099-A91E-92F61276370A}.AppStore|iPhone.ActiveCfg = Release|Any CPU
		{46393D93-EB42-4099-A91E-92F61276370A}.AppStore|iPhoneSimulator.ActiveCfg = Release|Any CPU
		{46393D93-EB42-4099-A91E-92F61276370A}.AppStore|Mixed Platforms.ActiveCfg = Release|Any CPU
		{46393D93-EB42-4099-A91E-92F61276370A}.AppStore|Mixed Platforms.Build.0 = Release|Any CPU
		{46393D93-EB42-4099-A91E-92F61276370A}.AppStore|x86.ActiveCfg = Release|Any CPU
		{46393D93-EB42-4099-A91E-92F61276370A}.Debug|Any CPU.ActiveCfg = Debug|Any CPU
		{46393D93-EB42-4099-A91E-92F61276370A}.Debug|Any CPU.Build.0 = Debug|Any CPU
		{46393D93-EB42-4099-A91E-92F61276370A}.Debug|ARM.ActiveCfg = Debug|Any CPU
		{46393D93-EB42-4099-A91E-92F61276370A}.Debug|iPhone.ActiveCfg = Debug|Any CPU
		{46393D93-EB42-4099-A91E-92F61276370A}.Debug|iPhoneSimulator.ActiveCfg = Debug|Any CPU
		{46393D93-EB42-4099-A91E-92F61276370A}.Debug|Mixed Platforms.ActiveCfg = Debug|Any CPU
		{46393D93-EB42-4099-A91E-92F61276370A}.Debug|Mixed Platforms.Build.0 = Debug|Any CPU
		{46393D93-EB42-4099-A91E-92F61276370A}.Debug|x86.ActiveCfg = Debug|Any CPU
		{46393D93-EB42-4099-A91E-92F61276370A}.Release|Any CPU.ActiveCfg = Release|Any CPU
		{46393D93-EB42-4099-A91E-92F61276370A}.Release|Any CPU.Build.0 = Release|Any CPU
		{46393D93-EB42-4099-A91E-92F61276370A}.Release|ARM.ActiveCfg = Release|Any CPU
		{46393D93-EB42-4099-A91E-92F61276370A}.Release|iPhone.ActiveCfg = Release|Any CPU
		{46393D93-EB42-4099-A91E-92F61276370A}.Release|iPhoneSimulator.ActiveCfg = Release|Any CPU
		{46393D93-EB42-4099-A91E-92F61276370A}.Release|Mixed Platforms.ActiveCfg = Release|Any CPU
		{46393D93-EB42-4099-A91E-92F61276370A}.Release|Mixed Platforms.Build.0 = Release|Any CPU
		{46393D93-EB42-4099-A91E-92F61276370A}.Release|x86.ActiveCfg = Release|Any CPU
		{81ED1881-43F2-41AB-A6F0-63DF6CF1B79A}.Ad-Hoc|Any CPU.ActiveCfg = Ad-Hoc|iPhone
		{81ED1881-43F2-41AB-A6F0-63DF6CF1B79A}.Ad-Hoc|ARM.ActiveCfg = Ad-Hoc|iPhone
		{81ED1881-43F2-41AB-A6F0-63DF6CF1B79A}.Ad-Hoc|iPhone.ActiveCfg = Ad-Hoc|iPhone
		{81ED1881-43F2-41AB-A6F0-63DF6CF1B79A}.Ad-Hoc|iPhone.Build.0 = Ad-Hoc|iPhone
		{81ED1881-43F2-41AB-A6F0-63DF6CF1B79A}.Ad-Hoc|iPhoneSimulator.ActiveCfg = Ad-Hoc|iPhoneSimulator
		{81ED1881-43F2-41AB-A6F0-63DF6CF1B79A}.Ad-Hoc|iPhoneSimulator.Build.0 = Ad-Hoc|iPhoneSimulator
		{81ED1881-43F2-41AB-A6F0-63DF6CF1B79A}.Ad-Hoc|Mixed Platforms.ActiveCfg = Ad-Hoc|iPhone
		{81ED1881-43F2-41AB-A6F0-63DF6CF1B79A}.Ad-Hoc|Mixed Platforms.Build.0 = Ad-Hoc|iPhone
		{81ED1881-43F2-41AB-A6F0-63DF6CF1B79A}.Ad-Hoc|x86.ActiveCfg = Ad-Hoc|iPhone
		{81ED1881-43F2-41AB-A6F0-63DF6CF1B79A}.AppStore|Any CPU.ActiveCfg = AppStore|iPhone
		{81ED1881-43F2-41AB-A6F0-63DF6CF1B79A}.AppStore|ARM.ActiveCfg = AppStore|iPhone
		{81ED1881-43F2-41AB-A6F0-63DF6CF1B79A}.AppStore|iPhone.ActiveCfg = AppStore|iPhone
		{81ED1881-43F2-41AB-A6F0-63DF6CF1B79A}.AppStore|iPhone.Build.0 = AppStore|iPhone
		{81ED1881-43F2-41AB-A6F0-63DF6CF1B79A}.AppStore|iPhoneSimulator.ActiveCfg = AppStore|iPhoneSimulator
		{81ED1881-43F2-41AB-A6F0-63DF6CF1B79A}.AppStore|iPhoneSimulator.Build.0 = AppStore|iPhoneSimulator
		{81ED1881-43F2-41AB-A6F0-63DF6CF1B79A}.AppStore|Mixed Platforms.ActiveCfg = AppStore|iPhone
		{81ED1881-43F2-41AB-A6F0-63DF6CF1B79A}.AppStore|Mixed Platforms.Build.0 = AppStore|iPhone
		{81ED1881-43F2-41AB-A6F0-63DF6CF1B79A}.AppStore|x86.ActiveCfg = AppStore|iPhone
		{81ED1881-43F2-41AB-A6F0-63DF6CF1B79A}.Debug|Any CPU.ActiveCfg = Debug|iPhone
		{81ED1881-43F2-41AB-A6F0-63DF6CF1B79A}.Debug|ARM.ActiveCfg = Debug|iPhone
		{81ED1881-43F2-41AB-A6F0-63DF6CF1B79A}.Debug|iPhone.ActiveCfg = Debug|iPhone
		{81ED1881-43F2-41AB-A6F0-63DF6CF1B79A}.Debug|iPhone.Build.0 = Debug|iPhone
		{81ED1881-43F2-41AB-A6F0-63DF6CF1B79A}.Debug|iPhoneSimulator.ActiveCfg = Debug|iPhoneSimulator
		{81ED1881-43F2-41AB-A6F0-63DF6CF1B79A}.Debug|iPhoneSimulator.Build.0 = Debug|iPhoneSimulator
		{81ED1881-43F2-41AB-A6F0-63DF6CF1B79A}.Debug|Mixed Platforms.ActiveCfg = Debug|iPhone
		{81ED1881-43F2-41AB-A6F0-63DF6CF1B79A}.Debug|Mixed Platforms.Build.0 = Debug|iPhone
		{81ED1881-43F2-41AB-A6F0-63DF6CF1B79A}.Debug|x86.ActiveCfg = Debug|iPhone
		{81ED1881-43F2-41AB-A6F0-63DF6CF1B79A}.Release|Any CPU.ActiveCfg = Release|iPhone
		{81ED1881-43F2-41AB-A6F0-63DF6CF1B79A}.Release|ARM.ActiveCfg = Release|iPhone
		{81ED1881-43F2-41AB-A6F0-63DF6CF1B79A}.Release|iPhone.ActiveCfg = Release|iPhone
		{81ED1881-43F2-41AB-A6F0-63DF6CF1B79A}.Release|iPhone.Build.0 = Release|iPhone
		{81ED1881-43F2-41AB-A6F0-63DF6CF1B79A}.Release|iPhoneSimulator.ActiveCfg = Release|iPhoneSimulator
		{81ED1881-43F2-41AB-A6F0-63DF6CF1B79A}.Release|iPhoneSimulator.Build.0 = Release|iPhoneSimulator
		{81ED1881-43F2-41AB-A6F0-63DF6CF1B79A}.Release|Mixed Platforms.ActiveCfg = Release|iPhone
		{81ED1881-43F2-41AB-A6F0-63DF6CF1B79A}.Release|Mixed Platforms.Build.0 = Release|iPhone
		{81ED1881-43F2-41AB-A6F0-63DF6CF1B79A}.Release|x86.ActiveCfg = Release|iPhone
		{26CA6820-E3D7-4B28-8B8A-36C2AD69DCAB}.Ad-Hoc|Any CPU.ActiveCfg = Release|Any CPU
		{26CA6820-E3D7-4B28-8B8A-36C2AD69DCAB}.Ad-Hoc|Any CPU.Build.0 = Release|Any CPU
		{26CA6820-E3D7-4B28-8B8A-36C2AD69DCAB}.Ad-Hoc|Any CPU.Deploy.0 = Release|Any CPU
		{26CA6820-E3D7-4B28-8B8A-36C2AD69DCAB}.Ad-Hoc|ARM.ActiveCfg = Release|Any CPU
		{26CA6820-E3D7-4B28-8B8A-36C2AD69DCAB}.Ad-Hoc|iPhone.ActiveCfg = Release|Any CPU
		{26CA6820-E3D7-4B28-8B8A-36C2AD69DCAB}.Ad-Hoc|iPhoneSimulator.ActiveCfg = Release|Any CPU
		{26CA6820-E3D7-4B28-8B8A-36C2AD69DCAB}.Ad-Hoc|Mixed Platforms.ActiveCfg = Release|Any CPU
		{26CA6820-E3D7-4B28-8B8A-36C2AD69DCAB}.Ad-Hoc|Mixed Platforms.Build.0 = Release|Any CPU
		{26CA6820-E3D7-4B28-8B8A-36C2AD69DCAB}.Ad-Hoc|Mixed Platforms.Deploy.0 = Release|Any CPU
		{26CA6820-E3D7-4B28-8B8A-36C2AD69DCAB}.Ad-Hoc|x86.ActiveCfg = Release|Any CPU
		{26CA6820-E3D7-4B28-8B8A-36C2AD69DCAB}.AppStore|Any CPU.ActiveCfg = Release|Any CPU
		{26CA6820-E3D7-4B28-8B8A-36C2AD69DCAB}.AppStore|Any CPU.Build.0 = Release|Any CPU
		{26CA6820-E3D7-4B28-8B8A-36C2AD69DCAB}.AppStore|Any CPU.Deploy.0 = Release|Any CPU
		{26CA6820-E3D7-4B28-8B8A-36C2AD69DCAB}.AppStore|ARM.ActiveCfg = Release|Any CPU
		{26CA6820-E3D7-4B28-8B8A-36C2AD69DCAB}.AppStore|iPhone.ActiveCfg = Release|Any CPU
		{26CA6820-E3D7-4B28-8B8A-36C2AD69DCAB}.AppStore|iPhoneSimulator.ActiveCfg = Release|Any CPU
		{26CA6820-E3D7-4B28-8B8A-36C2AD69DCAB}.AppStore|Mixed Platforms.ActiveCfg = Release|Any CPU
		{26CA6820-E3D7-4B28-8B8A-36C2AD69DCAB}.AppStore|Mixed Platforms.Build.0 = Release|Any CPU
		{26CA6820-E3D7-4B28-8B8A-36C2AD69DCAB}.AppStore|Mixed Platforms.Deploy.0 = Release|Any CPU
		{26CA6820-E3D7-4B28-8B8A-36C2AD69DCAB}.AppStore|x86.ActiveCfg = Release|Any CPU
		{26CA6820-E3D7-4B28-8B8A-36C2AD69DCAB}.Debug|Any CPU.ActiveCfg = Debug|Any CPU
		{26CA6820-E3D7-4B28-8B8A-36C2AD69DCAB}.Debug|Any CPU.Build.0 = Debug|Any CPU
		{26CA6820-E3D7-4B28-8B8A-36C2AD69DCAB}.Debug|Any CPU.Deploy.0 = Debug|Any CPU
		{26CA6820-E3D7-4B28-8B8A-36C2AD69DCAB}.Debug|ARM.ActiveCfg = Debug|Any CPU
		{26CA6820-E3D7-4B28-8B8A-36C2AD69DCAB}.Debug|iPhone.ActiveCfg = Debug|Any CPU
		{26CA6820-E3D7-4B28-8B8A-36C2AD69DCAB}.Debug|iPhoneSimulator.ActiveCfg = Debug|Any CPU
		{26CA6820-E3D7-4B28-8B8A-36C2AD69DCAB}.Debug|Mixed Platforms.ActiveCfg = Debug|Any CPU
		{26CA6820-E3D7-4B28-8B8A-36C2AD69DCAB}.Debug|Mixed Platforms.Build.0 = Debug|Any CPU
		{26CA6820-E3D7-4B28-8B8A-36C2AD69DCAB}.Debug|Mixed Platforms.Deploy.0 = Debug|Any CPU
		{26CA6820-E3D7-4B28-8B8A-36C2AD69DCAB}.Debug|x86.ActiveCfg = Debug|Any CPU
		{26CA6820-E3D7-4B28-8B8A-36C2AD69DCAB}.Release|Any CPU.ActiveCfg = Release|Any CPU
		{26CA6820-E3D7-4B28-8B8A-36C2AD69DCAB}.Release|Any CPU.Build.0 = Release|Any CPU
		{26CA6820-E3D7-4B28-8B8A-36C2AD69DCAB}.Release|Any CPU.Deploy.0 = Release|Any CPU
		{26CA6820-E3D7-4B28-8B8A-36C2AD69DCAB}.Release|ARM.ActiveCfg = Release|Any CPU
		{26CA6820-E3D7-4B28-8B8A-36C2AD69DCAB}.Release|iPhone.ActiveCfg = Release|Any CPU
		{26CA6820-E3D7-4B28-8B8A-36C2AD69DCAB}.Release|iPhoneSimulator.ActiveCfg = Release|Any CPU
		{26CA6820-E3D7-4B28-8B8A-36C2AD69DCAB}.Release|Mixed Platforms.ActiveCfg = Release|Any CPU
		{26CA6820-E3D7-4B28-8B8A-36C2AD69DCAB}.Release|Mixed Platforms.Build.0 = Release|Any CPU
		{26CA6820-E3D7-4B28-8B8A-36C2AD69DCAB}.Release|Mixed Platforms.Deploy.0 = Release|Any CPU
		{26CA6820-E3D7-4B28-8B8A-36C2AD69DCAB}.Release|x86.ActiveCfg = Release|Any CPU
		{6263C2E5-8592-4F51-9F56-880DCC346D3A}.Ad-Hoc|Any CPU.ActiveCfg = Release|Any CPU
		{6263C2E5-8592-4F51-9F56-880DCC346D3A}.Ad-Hoc|Any CPU.Build.0 = Release|Any CPU
		{6263C2E5-8592-4F51-9F56-880DCC346D3A}.Ad-Hoc|Any CPU.Deploy.0 = Release|Any CPU
		{6263C2E5-8592-4F51-9F56-880DCC346D3A}.Ad-Hoc|ARM.ActiveCfg = Release|ARM
		{6263C2E5-8592-4F51-9F56-880DCC346D3A}.Ad-Hoc|ARM.Build.0 = Release|ARM
		{6263C2E5-8592-4F51-9F56-880DCC346D3A}.Ad-Hoc|ARM.Deploy.0 = Release|ARM
		{6263C2E5-8592-4F51-9F56-880DCC346D3A}.Ad-Hoc|iPhone.ActiveCfg = Release|Any CPU
		{6263C2E5-8592-4F51-9F56-880DCC346D3A}.Ad-Hoc|iPhoneSimulator.ActiveCfg = Release|Any CPU
		{6263C2E5-8592-4F51-9F56-880DCC346D3A}.Ad-Hoc|Mixed Platforms.ActiveCfg = Release|x86
		{6263C2E5-8592-4F51-9F56-880DCC346D3A}.Ad-Hoc|Mixed Platforms.Build.0 = Release|x86
		{6263C2E5-8592-4F51-9F56-880DCC346D3A}.Ad-Hoc|Mixed Platforms.Deploy.0 = Release|x86
		{6263C2E5-8592-4F51-9F56-880DCC346D3A}.Ad-Hoc|x86.ActiveCfg = Release|x86
		{6263C2E5-8592-4F51-9F56-880DCC346D3A}.Ad-Hoc|x86.Build.0 = Release|x86
		{6263C2E5-8592-4F51-9F56-880DCC346D3A}.Ad-Hoc|x86.Deploy.0 = Release|x86
		{6263C2E5-8592-4F51-9F56-880DCC346D3A}.AppStore|Any CPU.ActiveCfg = Release|Any CPU
		{6263C2E5-8592-4F51-9F56-880DCC346D3A}.AppStore|Any CPU.Build.0 = Release|Any CPU
		{6263C2E5-8592-4F51-9F56-880DCC346D3A}.AppStore|Any CPU.Deploy.0 = Release|Any CPU
		{6263C2E5-8592-4F51-9F56-880DCC346D3A}.AppStore|ARM.ActiveCfg = Release|ARM
		{6263C2E5-8592-4F51-9F56-880DCC346D3A}.AppStore|ARM.Build.0 = Release|ARM
		{6263C2E5-8592-4F51-9F56-880DCC346D3A}.AppStore|ARM.Deploy.0 = Release|ARM
		{6263C2E5-8592-4F51-9F56-880DCC346D3A}.AppStore|iPhone.ActiveCfg = Release|Any CPU
		{6263C2E5-8592-4F51-9F56-880DCC346D3A}.AppStore|iPhoneSimulator.ActiveCfg = Release|Any CPU
		{6263C2E5-8592-4F51-9F56-880DCC346D3A}.AppStore|Mixed Platforms.ActiveCfg = Release|x86
		{6263C2E5-8592-4F51-9F56-880DCC346D3A}.AppStore|Mixed Platforms.Build.0 = Release|x86
		{6263C2E5-8592-4F51-9F56-880DCC346D3A}.AppStore|Mixed Platforms.Deploy.0 = Release|x86
		{6263C2E5-8592-4F51-9F56-880DCC346D3A}.AppStore|x86.ActiveCfg = Release|x86
		{6263C2E5-8592-4F51-9F56-880DCC346D3A}.AppStore|x86.Build.0 = Release|x86
		{6263C2E5-8592-4F51-9F56-880DCC346D3A}.AppStore|x86.Deploy.0 = Release|x86
		{6263C2E5-8592-4F51-9F56-880DCC346D3A}.Debug|Any CPU.ActiveCfg = Debug|Any CPU
		{6263C2E5-8592-4F51-9F56-880DCC346D3A}.Debug|Any CPU.Build.0 = Debug|Any CPU
		{6263C2E5-8592-4F51-9F56-880DCC346D3A}.Debug|Any CPU.Deploy.0 = Debug|Any CPU
		{6263C2E5-8592-4F51-9F56-880DCC346D3A}.Debug|ARM.ActiveCfg = Debug|ARM
		{6263C2E5-8592-4F51-9F56-880DCC346D3A}.Debug|ARM.Build.0 = Debug|ARM
		{6263C2E5-8592-4F51-9F56-880DCC346D3A}.Debug|ARM.Deploy.0 = Debug|ARM
		{6263C2E5-8592-4F51-9F56-880DCC346D3A}.Debug|iPhone.ActiveCfg = Debug|Any CPU
		{6263C2E5-8592-4F51-9F56-880DCC346D3A}.Debug|iPhoneSimulator.ActiveCfg = Debug|Any CPU
		{6263C2E5-8592-4F51-9F56-880DCC346D3A}.Debug|Mixed Platforms.ActiveCfg = Debug|x86
		{6263C2E5-8592-4F51-9F56-880DCC346D3A}.Debug|Mixed Platforms.Build.0 = Debug|x86
		{6263C2E5-8592-4F51-9F56-880DCC346D3A}.Debug|Mixed Platforms.Deploy.0 = Debug|x86
		{6263C2E5-8592-4F51-9F56-880DCC346D3A}.Debug|x86.ActiveCfg = Debug|x86
		{6263C2E5-8592-4F51-9F56-880DCC346D3A}.Debug|x86.Build.0 = Debug|x86
		{6263C2E5-8592-4F51-9F56-880DCC346D3A}.Debug|x86.Deploy.0 = Debug|x86
		{6263C2E5-8592-4F51-9F56-880DCC346D3A}.Release|Any CPU.ActiveCfg = Release|Any CPU
		{6263C2E5-8592-4F51-9F56-880DCC346D3A}.Release|Any CPU.Build.0 = Release|Any CPU
		{6263C2E5-8592-4F51-9F56-880DCC346D3A}.Release|Any CPU.Deploy.0 = Release|Any CPU
		{6263C2E5-8592-4F51-9F56-880DCC346D3A}.Release|ARM.ActiveCfg = Release|ARM
		{6263C2E5-8592-4F51-9F56-880DCC346D3A}.Release|ARM.Build.0 = Release|ARM
		{6263C2E5-8592-4F51-9F56-880DCC346D3A}.Release|ARM.Deploy.0 = Release|ARM
		{6263C2E5-8592-4F51-9F56-880DCC346D3A}.Release|iPhone.ActiveCfg = Release|Any CPU
		{6263C2E5-8592-4F51-9F56-880DCC346D3A}.Release|iPhoneSimulator.ActiveCfg = Release|Any CPU
		{6263C2E5-8592-4F51-9F56-880DCC346D3A}.Release|Mixed Platforms.ActiveCfg = Release|x86
		{6263C2E5-8592-4F51-9F56-880DCC346D3A}.Release|Mixed Platforms.Build.0 = Release|x86
		{6263C2E5-8592-4F51-9F56-880DCC346D3A}.Release|Mixed Platforms.Deploy.0 = Release|x86
		{6263C2E5-8592-4F51-9F56-880DCC346D3A}.Release|x86.ActiveCfg = Release|x86
		{6263C2E5-8592-4F51-9F56-880DCC346D3A}.Release|x86.Build.0 = Release|x86
		{6263C2E5-8592-4F51-9F56-880DCC346D3A}.Release|x86.Deploy.0 = Release|x86
		{7D1662EC-3D1A-4794-8AD5-EC4467A74AD9}.Ad-Hoc|Any CPU.ActiveCfg = Release|Any CPU
		{7D1662EC-3D1A-4794-8AD5-EC4467A74AD9}.Ad-Hoc|Any CPU.Build.0 = Release|Any CPU
		{7D1662EC-3D1A-4794-8AD5-EC4467A74AD9}.Ad-Hoc|ARM.ActiveCfg = Release|Any CPU
		{7D1662EC-3D1A-4794-8AD5-EC4467A74AD9}.Ad-Hoc|iPhone.ActiveCfg = Release|Any CPU
		{7D1662EC-3D1A-4794-8AD5-EC4467A74AD9}.Ad-Hoc|iPhoneSimulator.ActiveCfg = Release|Any CPU
		{7D1662EC-3D1A-4794-8AD5-EC4467A74AD9}.Ad-Hoc|Mixed Platforms.ActiveCfg = Release|Any CPU
		{7D1662EC-3D1A-4794-8AD5-EC4467A74AD9}.Ad-Hoc|Mixed Platforms.Build.0 = Release|Any CPU
		{7D1662EC-3D1A-4794-8AD5-EC4467A74AD9}.Ad-Hoc|x86.ActiveCfg = Release|Any CPU
		{7D1662EC-3D1A-4794-8AD5-EC4467A74AD9}.AppStore|Any CPU.ActiveCfg = Release|Any CPU
		{7D1662EC-3D1A-4794-8AD5-EC4467A74AD9}.AppStore|Any CPU.Build.0 = Release|Any CPU
		{7D1662EC-3D1A-4794-8AD5-EC4467A74AD9}.AppStore|ARM.ActiveCfg = Release|Any CPU
		{7D1662EC-3D1A-4794-8AD5-EC4467A74AD9}.AppStore|iPhone.ActiveCfg = Release|Any CPU
		{7D1662EC-3D1A-4794-8AD5-EC4467A74AD9}.AppStore|iPhoneSimulator.ActiveCfg = Release|Any CPU
		{7D1662EC-3D1A-4794-8AD5-EC4467A74AD9}.AppStore|Mixed Platforms.ActiveCfg = Release|Any CPU
		{7D1662EC-3D1A-4794-8AD5-EC4467A74AD9}.AppStore|Mixed Platforms.Build.0 = Release|Any CPU
		{7D1662EC-3D1A-4794-8AD5-EC4467A74AD9}.AppStore|x86.ActiveCfg = Release|Any CPU
		{7D1662EC-3D1A-4794-8AD5-EC4467A74AD9}.Debug|Any CPU.ActiveCfg = Debug|Any CPU
		{7D1662EC-3D1A-4794-8AD5-EC4467A74AD9}.Debug|Any CPU.Build.0 = Debug|Any CPU
		{7D1662EC-3D1A-4794-8AD5-EC4467A74AD9}.Debug|ARM.ActiveCfg = Debug|Any CPU
		{7D1662EC-3D1A-4794-8AD5-EC4467A74AD9}.Debug|iPhone.ActiveCfg = Debug|Any CPU
		{7D1662EC-3D1A-4794-8AD5-EC4467A74AD9}.Debug|iPhoneSimulator.ActiveCfg = Debug|Any CPU
		{7D1662EC-3D1A-4794-8AD5-EC4467A74AD9}.Debug|Mixed Platforms.ActiveCfg = Debug|Any CPU
		{7D1662EC-3D1A-4794-8AD5-EC4467A74AD9}.Debug|Mixed Platforms.Build.0 = Debug|Any CPU
		{7D1662EC-3D1A-4794-8AD5-EC4467A74AD9}.Debug|x86.ActiveCfg = Debug|Any CPU
		{7D1662EC-3D1A-4794-8AD5-EC4467A74AD9}.Release|Any CPU.ActiveCfg = Release|Any CPU
		{7D1662EC-3D1A-4794-8AD5-EC4467A74AD9}.Release|Any CPU.Build.0 = Release|Any CPU
		{7D1662EC-3D1A-4794-8AD5-EC4467A74AD9}.Release|ARM.ActiveCfg = Release|Any CPU
		{7D1662EC-3D1A-4794-8AD5-EC4467A74AD9}.Release|iPhone.ActiveCfg = Release|Any CPU
		{7D1662EC-3D1A-4794-8AD5-EC4467A74AD9}.Release|iPhoneSimulator.ActiveCfg = Release|Any CPU
		{7D1662EC-3D1A-4794-8AD5-EC4467A74AD9}.Release|Mixed Platforms.ActiveCfg = Release|Any CPU
		{7D1662EC-3D1A-4794-8AD5-EC4467A74AD9}.Release|Mixed Platforms.Build.0 = Release|Any CPU
		{7D1662EC-3D1A-4794-8AD5-EC4467A74AD9}.Release|x86.ActiveCfg = Release|Any CPU
	EndGlobalSection
	GlobalSection(SolutionProperties) = preSolution
		HideSolutionNode = FALSE
	EndGlobalSection
	GlobalSection(NestedProjects) = preSolution
		{7D1662EC-3D1A-4794-8AD5-EC4467A74AD9} = {9020F0E1-3FEA-498A-8376-133C9A92369D}
	EndGlobalSection
EndGlobal
